
Microsoft Visual Studio Solution File, Format Version 12.00
# Visual Studio Version 17
VisualStudioVersion = 17.7.34031.279
MinimumVisualStudioVersion = 10.0.40219.1
Project("{9A19103F-16F7-4668-BE54-9A1E7A4F7556}") = "Final project", "Final project\Final project.csproj", "{FE64C5FB-9608-4920-A7FD-D1828BBCD3DD}"
EndProject
Project("{FAE04EC0-301F-11D3-BF4B-00C04F79EFBC}") = "Application.UnitTests", "Application.UnitTests\Application.UnitTests.csproj", "{1B7BA37A-37A0-4002-BC21-DA3284C08E94}"
EndProject
Global
	GlobalSection(SolutionConfigurationPlatforms) = preSolution
		Debug|Any CPU = Debug|Any CPU
		Release|Any CPU = Release|Any CPU
	EndGlobalSection
	GlobalSection(ProjectConfigurationPlatforms) = postSolution
		{FE64C5FB-9608-4920-A7FD-D1828BBCD3DD}.Debug|Any CPU.ActiveCfg = Debug|Any CPU
		{FE64C5FB-9608-4920-A7FD-D1828BBCD3DD}.Debug|Any CPU.Build.0 = Debug|Any CPU
		{FE64C5FB-9608-4920-A7FD-D1828BBCD3DD}.Release|Any CPU.ActiveCfg = Release|Any CPU
		{FE64C5FB-9608-4920-A7FD-D1828BBCD3DD}.Release|Any CPU.Build.0 = Release|Any CPU
		{1B7BA37A-37A0-4002-BC21-DA3284C08E94}.Debug|Any CPU.ActiveCfg = Debug|Any CPU
		{1B7BA37A-37A0-4002-BC21-DA3284C08E94}.Debug|Any CPU.Build.0 = Debug|Any CPU
		{1B7BA37A-37A0-4002-BC21-DA3284C08E94}.Release|Any CPU.ActiveCfg = Release|Any CPU
		{1B7BA37A-37A0-4002-BC21-DA3284C08E94}.Release|Any CPU.Build.0 = Release|Any CPU
	EndGlobalSection
	GlobalSection(SolutionProperties) = preSolution
		HideSolutionNode = FALSE
	EndGlobalSection
	GlobalSection(ExtensibilityGlobals) = postSolution
		SolutionGuid = {40B65302-AAAA-4BF7-8FB4-634E29B2611E}
	EndGlobalSection
EndGlobal
