
Microsoft Visual Studio Solution File, Format Version 12.00
# Visual Studio Version 17
VisualStudioVersion = 17.7.34031.279
MinimumVisualStudioVersion = 10.0.40219.1
Project("{FAE04EC0-301F-11D3-BF4B-00C04F79EFBC}") = "Lesson-Exceptions", "Lesson-Exceptions\Lesson-Exceptions.csproj", "{CD27E01E-E3E1-45D6-B0BF-1BCFF6FB5C87}"
EndProject
Global
	GlobalSection(SolutionConfigurationPlatforms) = preSolution
		Debug|Any CPU = Debug|Any CPU
		Release|Any CPU = Release|Any CPU
	EndGlobalSection
	GlobalSection(ProjectConfigurationPlatforms) = postSolution
		{CD27E01E-E3E1-45D6-B0BF-1BCFF6FB5C87}.Debug|Any CPU.ActiveCfg = Debug|Any CPU
		{CD27E01E-E3E1-45D6-B0BF-1BCFF6FB5C87}.Debug|Any CPU.Build.0 = Debug|Any CPU
		{CD27E01E-E3E1-45D6-B0BF-1BCFF6FB5C87}.Release|Any CPU.ActiveCfg = Release|Any CPU
		{CD27E01E-E3E1-45D6-B0BF-1BCFF6FB5C87}.Release|Any CPU.Build.0 = Release|Any CPU
	EndGlobalSection
	GlobalSection(SolutionProperties) = preSolution
		HideSolutionNode = FALSE
	EndGlobalSection
	GlobalSection(ExtensibilityGlobals) = postSolution
		SolutionGuid = {3FA5451F-76F4-4C9A-9A93-C9B035DB53D8}
	EndGlobalSection
EndGlobal
